// !$*UTF8*$!
{
	archiveVersion = 1;
	classes = {
	};
	objectVersion = 51;
	objects = {

/* Begin PBXBuildFile section */
		0CCF27FD54E2BAA6B9EFD405 /* Pods_MovieApp.framework in Frameworks */ = {isa = PBXBuildFile; fileRef = 873054C4DEC55886F20437A1 /* Pods_MovieApp.framework */; };
		8408A3D024B09C1C00578291 /* DetailsPresenter.swift in Sources */ = {isa = PBXBuildFile; fileRef = 8408A3CF24B09C1C00578291 /* DetailsPresenter.swift */; };
		8408A3DA24B0B27300578291 /* Monoton-Regular.ttf in Resources */ = {isa = PBXBuildFile; fileRef = 8408A3D924B0B27300578291 /* Monoton-Regular.ttf */; };
		847A822224AEE03700DB6754 /* FilmsListViewController.swift in Sources */ = {isa = PBXBuildFile; fileRef = 847A822124AEE03700DB6754 /* FilmsListViewController.swift */; };
		847A822624AEE8DC00DB6754 /* DetailsViewController.swift in Sources */ = {isa = PBXBuildFile; fileRef = 847A822524AEE8DC00DB6754 /* DetailsViewController.swift */; };
		847A822924AEEB5900DB6754 /* UIViewController + Alert.swift in Sources */ = {isa = PBXBuildFile; fileRef = 847A822824AEEB5900DB6754 /* UIViewController + Alert.swift */; };
		84B6BE7B24AE90B30022F200 /* AppDelegate.swift in Sources */ = {isa = PBXBuildFile; fileRef = 84B6BE7A24AE90B30022F200 /* AppDelegate.swift */; };
		84B6BE7D24AE90B30022F200 /* SceneDelegate.swift in Sources */ = {isa = PBXBuildFile; fileRef = 84B6BE7C24AE90B30022F200 /* SceneDelegate.swift */; };
		84B6BE7F24AE90B30022F200 /* LicenseViewController.swift in Sources */ = {isa = PBXBuildFile; fileRef = 84B6BE7E24AE90B30022F200 /* LicenseViewController.swift */; };
		84B6BE8224AE90B30022F200 /* Main.storyboard in Resources */ = {isa = PBXBuildFile; fileRef = 84B6BE8024AE90B30022F200 /* Main.storyboard */; };
		84B6BE8424AE90B40022F200 /* Assets.xcassets in Resources */ = {isa = PBXBuildFile; fileRef = 84B6BE8324AE90B40022F200 /* Assets.xcassets */; };
		84B6BE8724AE90B40022F200 /* LaunchScreen.storyboard in Resources */ = {isa = PBXBuildFile; fileRef = 84B6BE8524AE90B40022F200 /* LaunchScreen.storyboard */; };
		84B6BE9024AEDD320022F200 /* Constants.swift in Sources */ = {isa = PBXBuildFile; fileRef = 84B6BE8F24AEDD320022F200 /* Constants.swift */; };
		84D465B024AF963400062956 /* APISource.swift in Sources */ = {isa = PBXBuildFile; fileRef = 84D465AF24AF963400062956 /* APISource.swift */; };
		84D465B424AFB52400062956 /* RatedFilmsModel.swift in Sources */ = {isa = PBXBuildFile; fileRef = 84D465B324AFB52400062956 /* RatedFilmsModel.swift */; };
		84D465B624AFC43700062956 /* NetworkClient.swift in Sources */ = {isa = PBXBuildFile; fileRef = 84D465B524AFC43700062956 /* NetworkClient.swift */; };
		84D465B924B04BCC00062956 /* FilmsVC + UITableView.swift in Sources */ = {isa = PBXBuildFile; fileRef = 84D465B824B04BCC00062956 /* FilmsVC + UITableView.swift */; };
		84D465BB24B05C4800062956 /* FilmsPresenter.swift in Sources */ = {isa = PBXBuildFile; fileRef = 84D465BA24B05C4800062956 /* FilmsPresenter.swift */; };
		84D465C024B05F2200062956 /* FilmTableViewCell.swift in Sources */ = {isa = PBXBuildFile; fileRef = 84D465BE24B05F2200062956 /* FilmTableViewCell.swift */; };
		84D465C124B05F2200062956 /* FilmTableViewCell.xib in Resources */ = {isa = PBXBuildFile; fileRef = 84D465BF24B05F2200062956 /* FilmTableViewCell.xib */; };
		84D465C324B0716000062956 /* UIImage + loadFromURL.swift in Sources */ = {isa = PBXBuildFile; fileRef = 84D465C224B0716000062956 /* UIImage + loadFromURL.swift */; };
		84D465CA24B08CF200062956 /* FilmInfoModel.swift in Sources */ = {isa = PBXBuildFile; fileRef = 84D465C924B08CF200062956 /* FilmInfoModel.swift */; };
/* End PBXBuildFile section */

/* Begin PBXFileReference section */
		671CF2C93332998D0CD37D77 /* Pods-MovieApp.debug.xcconfig */ = {isa = PBXFileReference; includeInIndex = 1; lastKnownFileType = text.xcconfig; name = "Pods-MovieApp.debug.xcconfig"; path = "Target Support Files/Pods-MovieApp/Pods-MovieApp.debug.xcconfig"; sourceTree = "<group>"; };
		8408A3CF24B09C1C00578291 /* DetailsPresenter.swift */ = {isa = PBXFileReference; lastKnownFileType = sourcecode.swift; path = DetailsPresenter.swift; sourceTree = "<group>"; };
		8408A3D924B0B27300578291 /* Monoton-Regular.ttf */ = {isa = PBXFileReference; lastKnownFileType = file; path = "Monoton-Regular.ttf"; sourceTree = "<group>"; };
		847A822124AEE03700DB6754 /* FilmsListViewController.swift */ = {isa = PBXFileReference; lastKnownFileType = sourcecode.swift; path = FilmsListViewController.swift; sourceTree = "<group>"; };
		847A822524AEE8DC00DB6754 /* DetailsViewController.swift */ = {isa = PBXFileReference; lastKnownFileType = sourcecode.swift; path = DetailsViewController.swift; sourceTree = "<group>"; };
		847A822824AEEB5900DB6754 /* UIViewController + Alert.swift */ = {isa = PBXFileReference; lastKnownFileType = sourcecode.swift; path = "UIViewController + Alert.swift"; sourceTree = "<group>"; };
		84B6BE7724AE90B30022F200 /* MovieApp.app */ = {isa = PBXFileReference; explicitFileType = wrapper.application; includeInIndex = 0; path = MovieApp.app; sourceTree = BUILT_PRODUCTS_DIR; };
		84B6BE7A24AE90B30022F200 /* AppDelegate.swift */ = {isa = PBXFileReference; lastKnownFileType = sourcecode.swift; path = AppDelegate.swift; sourceTree = "<group>"; };
		84B6BE7C24AE90B30022F200 /* SceneDelegate.swift */ = {isa = PBXFileReference; lastKnownFileType = sourcecode.swift; path = SceneDelegate.swift; sourceTree = "<group>"; };
		84B6BE7E24AE90B30022F200 /* LicenseViewController.swift */ = {isa = PBXFileReference; lastKnownFileType = sourcecode.swift; path = LicenseViewController.swift; sourceTree = "<group>"; };
		84B6BE8124AE90B30022F200 /* Base */ = {isa = PBXFileReference; lastKnownFileType = file.storyboard; name = Base; path = Base.lproj/Main.storyboard; sourceTree = "<group>"; };
		84B6BE8324AE90B40022F200 /* Assets.xcassets */ = {isa = PBXFileReference; lastKnownFileType = folder.assetcatalog; path = Assets.xcassets; sourceTree = "<group>"; };
		84B6BE8624AE90B40022F200 /* Base */ = {isa = PBXFileReference; lastKnownFileType = file.storyboard; name = Base; path = Base.lproj/LaunchScreen.storyboard; sourceTree = "<group>"; };
		84B6BE8824AE90B40022F200 /* Info.plist */ = {isa = PBXFileReference; lastKnownFileType = text.plist.xml; path = Info.plist; sourceTree = "<group>"; };
		84B6BE8F24AEDD320022F200 /* Constants.swift */ = {isa = PBXFileReference; lastKnownFileType = sourcecode.swift; path = Constants.swift; sourceTree = "<group>"; };
		84D465AF24AF963400062956 /* APISource.swift */ = {isa = PBXFileReference; lastKnownFileType = sourcecode.swift; path = APISource.swift; sourceTree = "<group>"; };
		84D465B324AFB52400062956 /* RatedFilmsModel.swift */ = {isa = PBXFileReference; lastKnownFileType = sourcecode.swift; path = RatedFilmsModel.swift; sourceTree = "<group>"; };
		84D465B524AFC43700062956 /* NetworkClient.swift */ = {isa = PBXFileReference; lastKnownFileType = sourcecode.swift; path = NetworkClient.swift; sourceTree = "<group>"; };
		84D465B824B04BCC00062956 /* FilmsVC + UITableView.swift */ = {isa = PBXFileReference; lastKnownFileType = sourcecode.swift; path = "FilmsVC + UITableView.swift"; sourceTree = "<group>"; };
		84D465BA24B05C4800062956 /* FilmsPresenter.swift */ = {isa = PBXFileReference; lastKnownFileType = sourcecode.swift; path = FilmsPresenter.swift; sourceTree = "<group>"; };
		84D465BE24B05F2200062956 /* FilmTableViewCell.swift */ = {isa = PBXFileReference; lastKnownFileType = sourcecode.swift; path = FilmTableViewCell.swift; sourceTree = "<group>"; };
		84D465BF24B05F2200062956 /* FilmTableViewCell.xib */ = {isa = PBXFileReference; lastKnownFileType = file.xib; path = FilmTableViewCell.xib; sourceTree = "<group>"; };
		84D465C224B0716000062956 /* UIImage + loadFromURL.swift */ = {isa = PBXFileReference; lastKnownFileType = sourcecode.swift; path = "UIImage + loadFromURL.swift"; sourceTree = "<group>"; };
		84D465C924B08CF200062956 /* FilmInfoModel.swift */ = {isa = PBXFileReference; lastKnownFileType = sourcecode.swift; path = FilmInfoModel.swift; sourceTree = "<group>"; };
		873054C4DEC55886F20437A1 /* Pods_MovieApp.framework */ = {isa = PBXFileReference; explicitFileType = wrapper.framework; includeInIndex = 0; path = Pods_MovieApp.framework; sourceTree = BUILT_PRODUCTS_DIR; };
		9E4B3E43CA846D0015FBF0E2 /* Pods-MovieApp.release.xcconfig */ = {isa = PBXFileReference; includeInIndex = 1; lastKnownFileType = text.xcconfig; name = "Pods-MovieApp.release.xcconfig"; path = "Target Support Files/Pods-MovieApp/Pods-MovieApp.release.xcconfig"; sourceTree = "<group>"; };
/* End PBXFileReference section */

/* Begin PBXFrameworksBuildPhase section */
		84B6BE7424AE90B30022F200 /* Frameworks */ = {
			isa = PBXFrameworksBuildPhase;
			buildActionMask = 2147483647;
			files = (
				0CCF27FD54E2BAA6B9EFD405 /* Pods_MovieApp.framework in Frameworks */,
			);
			runOnlyForDeploymentPostprocessing = 0;
		};
/* End PBXFrameworksBuildPhase section */

/* Begin PBXGroup section */
		073FDCF8B05225063257FAC1 /* Frameworks */ = {
			isa = PBXGroup;
			children = (
				873054C4DEC55886F20437A1 /* Pods_MovieApp.framework */,
			);
			name = Frameworks;
			sourceTree = "<group>";
		};
		10296CB105B9057A481CC32E /* Pods */ = {
			isa = PBXGroup;
			children = (
				671CF2C93332998D0CD37D77 /* Pods-MovieApp.debug.xcconfig */,
				9E4B3E43CA846D0015FBF0E2 /* Pods-MovieApp.release.xcconfig */,
			);
			path = Pods;
			sourceTree = "<group>";
		};
		8408A3D624B0AEBF00578291 /* Resources */ = {
			isa = PBXGroup;
			children = (
				8408A3D924B0B27300578291 /* Monoton-Regular.ttf */,
			);
			path = Resources;
			sourceTree = "<group>";
		};
		847A822324AEE04300DB6754 /* Films */ = {
			isa = PBXGroup;
			children = (
				847A822124AEE03700DB6754 /* FilmsListViewController.swift */,
				84D465B824B04BCC00062956 /* FilmsVC + UITableView.swift */,
				84D465BA24B05C4800062956 /* FilmsPresenter.swift */,
				84D465B724B0498C00062956 /* FilmsCell */,
			);
			path = Films;
			sourceTree = "<group>";
		};
		847A822424AEE8A100DB6754 /* Details */ = {
			isa = PBXGroup;
			children = (
				847A822524AEE8DC00DB6754 /* DetailsViewController.swift */,
				8408A3CF24B09C1C00578291 /* DetailsPresenter.swift */,
			);
			path = Details;
			sourceTree = "<group>";
		};
		847A822724AEEB3900DB6754 /* Extensions */ = {
			isa = PBXGroup;
			children = (
				847A822824AEEB5900DB6754 /* UIViewController + Alert.swift */,
				84D465C224B0716000062956 /* UIImage + loadFromURL.swift */,
			);
			path = Extensions;
			sourceTree = "<group>";
		};
		84B6BE6E24AE90B30022F200 = {
			isa = PBXGroup;
			children = (
				84B6BE7924AE90B30022F200 /* MovieApp */,
				84B6BE7824AE90B30022F200 /* Products */,
				10296CB105B9057A481CC32E /* Pods */,
				073FDCF8B05225063257FAC1 /* Frameworks */,
			);
			sourceTree = "<group>";
		};
		84B6BE7824AE90B30022F200 /* Products */ = {
			isa = PBXGroup;
			children = (
				84B6BE7724AE90B30022F200 /* MovieApp.app */,
			);
			name = Products;
			sourceTree = "<group>";
		};
		84B6BE7924AE90B30022F200 /* MovieApp */ = {
			isa = PBXGroup;
			children = (
				8408A3D624B0AEBF00578291 /* Resources */,
				84D465AE24AF961600062956 /* NetworkClient */,
				847A822724AEEB3900DB6754 /* Extensions */,
				84B6BE8E24AEDD1E0022F200 /* Models */,
				84B6BE9124AEDE920022F200 /* Modules */,
				84B6BE7A24AE90B30022F200 /* AppDelegate.swift */,
				84B6BE7C24AE90B30022F200 /* SceneDelegate.swift */,
				84B6BE8024AE90B30022F200 /* Main.storyboard */,
				84B6BE8324AE90B40022F200 /* Assets.xcassets */,
				84B6BE8524AE90B40022F200 /* LaunchScreen.storyboard */,
				84B6BE8824AE90B40022F200 /* Info.plist */,
			);
			path = MovieApp;
			sourceTree = "<group>";
		};
		84B6BE8E24AEDD1E0022F200 /* Models */ = {
			isa = PBXGroup;
			children = (
				84D465B324AFB52400062956 /* RatedFilmsModel.swift */,
				84D465C924B08CF200062956 /* FilmInfoModel.swift */,
				84B6BE8F24AEDD320022F200 /* Constants.swift */,
			);
			path = Models;
			sourceTree = "<group>";
		};
		84B6BE9124AEDE920022F200 /* Modules */ = {
			isa = PBXGroup;
			children = (
				84B6BE9224AEDEAD0022F200 /* License */,
				847A822324AEE04300DB6754 /* Films */,
				847A822424AEE8A100DB6754 /* Details */,
			);
			path = Modules;
			sourceTree = "<group>";
		};
		84B6BE9224AEDEAD0022F200 /* License */ = {
			isa = PBXGroup;
			children = (
				84B6BE7E24AE90B30022F200 /* LicenseViewController.swift */,
			);
			path = License;
			sourceTree = "<group>";
		};
		84D465AE24AF961600062956 /* NetworkClient */ = {
			isa = PBXGroup;
			children = (
				84D465AF24AF963400062956 /* APISource.swift */,
				84D465B524AFC43700062956 /* NetworkClient.swift */,
			);
			path = NetworkClient;
			sourceTree = "<group>";
		};
		84D465B724B0498C00062956 /* FilmsCell */ = {
			isa = PBXGroup;
			children = (
				84D465BE24B05F2200062956 /* FilmTableViewCell.swift */,
				84D465BF24B05F2200062956 /* FilmTableViewCell.xib */,
			);
			path = FilmsCell;
			sourceTree = "<group>";
		};
/* End PBXGroup section */

/* Begin PBXNativeTarget section */
		84B6BE7624AE90B30022F200 /* MovieApp */ = {
			isa = PBXNativeTarget;
			buildConfigurationList = 84B6BE8B24AE90B40022F200 /* Build configuration list for PBXNativeTarget "MovieApp" */;
			buildPhases = (
				DFB9FF544396B33F812908CD /* [CP] Check Pods Manifest.lock */,
				84B6BE7324AE90B30022F200 /* Sources */,
				84B6BE7424AE90B30022F200 /* Frameworks */,
				84B6BE7524AE90B30022F200 /* Resources */,
				0D06FC7CBDA08F707451E807 /* [CP] Embed Pods Frameworks */,
			);
			buildRules = (
			);
			dependencies = (
			);
			name = MovieApp;
			productName = MovieApp;
			productReference = 84B6BE7724AE90B30022F200 /* MovieApp.app */;
			productType = "com.apple.product-type.application";
		};
/* End PBXNativeTarget section */

/* Begin PBXProject section */
		84B6BE6F24AE90B30022F200 /* Project object */ = {
			isa = PBXProject;
			attributes = {
				LastSwiftUpdateCheck = 1150;
				LastUpgradeCheck = 1150;
				ORGANIZATIONNAME = "Olha Bereziuk";
				TargetAttributes = {
					84B6BE7624AE90B30022F200 = {
						CreatedOnToolsVersion = 11.5;
					};
				};
			};
			buildConfigurationList = 84B6BE7224AE90B30022F200 /* Build configuration list for PBXProject "MovieApp" */;
			compatibilityVersion = "Xcode 9.3";
			developmentRegion = en;
			hasScannedForEncodings = 0;
			knownRegions = (
				en,
				Base,
			);
			mainGroup = 84B6BE6E24AE90B30022F200;
			productRefGroup = 84B6BE7824AE90B30022F200 /* Products */;
			projectDirPath = "";
			projectRoot = "";
			targets = (
				84B6BE7624AE90B30022F200 /* MovieApp */,
			);
		};
/* End PBXProject section */

/* Begin PBXResourcesBuildPhase section */
		84B6BE7524AE90B30022F200 /* Resources */ = {
			isa = PBXResourcesBuildPhase;
			buildActionMask = 2147483647;
			files = (
				8408A3DA24B0B27300578291 /* Monoton-Regular.ttf in Resources */,
				84B6BE8724AE90B40022F200 /* LaunchScreen.storyboard in Resources */,
				84D465C124B05F2200062956 /* FilmTableViewCell.xib in Resources */,
				84B6BE8424AE90B40022F200 /* Assets.xcassets in Resources */,
				84B6BE8224AE90B30022F200 /* Main.storyboard in Resources */,
			);
			runOnlyForDeploymentPostprocessing = 0;
		};
/* End PBXResourcesBuildPhase section */

/* Begin PBXShellScriptBuildPhase section */
		0D06FC7CBDA08F707451E807 /* [CP] Embed Pods Frameworks */ = {
			isa = PBXShellScriptBuildPhase;
			buildActionMask = 2147483647;
			files = (
			);
			inputFileListPaths = (
				"${PODS_ROOT}/Target Support Files/Pods-MovieApp/Pods-MovieApp-frameworks-${CONFIGURATION}-input-files.xcfilelist",
			);
			name = "[CP] Embed Pods Frameworks";
			outputFileListPaths = (
				"${PODS_ROOT}/Target Support Files/Pods-MovieApp/Pods-MovieApp-frameworks-${CONFIGURATION}-output-files.xcfilelist",
			);
			runOnlyForDeploymentPostprocessing = 0;
			shellPath = /bin/sh;
			shellScript = "\"${PODS_ROOT}/Target Support Files/Pods-MovieApp/Pods-MovieApp-frameworks.sh\"\n";
			showEnvVarsInLog = 0;
		};
		DFB9FF544396B33F812908CD /* [CP] Check Pods Manifest.lock */ = {
			isa = PBXShellScriptBuildPhase;
			buildActionMask = 2147483647;
			files = (
			);
			inputFileListPaths = (
			);
			inputPaths = (
				"${PODS_PODFILE_DIR_PATH}/Podfile.lock",
				"${PODS_ROOT}/Manifest.lock",
			);
			name = "[CP] Check Pods Manifest.lock";
			outputFileListPaths = (
			);
			outputPaths = (
				"$(DERIVED_FILE_DIR)/Pods-MovieApp-checkManifestLockResult.txt",
			);
			runOnlyForDeploymentPostprocessing = 0;
			shellPath = /bin/sh;
			shellScript = "diff \"${PODS_PODFILE_DIR_PATH}/Podfile.lock\" \"${PODS_ROOT}/Manifest.lock\" > /dev/null\nif [ $? != 0 ] ; then\n    # print error to STDERR\n    echo \"error: The sandbox is not in sync with the Podfile.lock. Run 'pod install' or update your CocoaPods installation.\" >&2\n    exit 1\nfi\n# This output is used by Xcode 'outputs' to avoid re-running this script phase.\necho \"SUCCESS\" > \"${SCRIPT_OUTPUT_FILE_0}\"\n";
			showEnvVarsInLog = 0;
		};
/* End PBXShellScriptBuildPhase section */

/* Begin PBXSourcesBuildPhase section */
		84B6BE7324AE90B30022F200 /* Sources */ = {
			isa = PBXSourcesBuildPhase;
			buildActionMask = 2147483647;
			files = (
				84D465CA24B08CF200062956 /* FilmInfoModel.swift in Sources */,
				84B6BE7F24AE90B30022F200 /* LicenseViewController.swift in Sources */,
				84D465C324B0716000062956 /* UIImage + loadFromURL.swift in Sources */,
				847A822224AEE03700DB6754 /* FilmsListViewController.swift in Sources */,
				84D465B424AFB52400062956 /* RatedFilmsModel.swift in Sources */,
				84D465B624AFC43700062956 /* NetworkClient.swift in Sources */,
				84B6BE7B24AE90B30022F200 /* AppDelegate.swift in Sources */,
				84B6BE7D24AE90B30022F200 /* SceneDelegate.swift in Sources */,
				84D465B924B04BCC00062956 /* FilmsVC + UITableView.swift in Sources */,
				84D465C024B05F2200062956 /* FilmTableViewCell.swift in Sources */,
				84B6BE9024AEDD320022F200 /* Constants.swift in Sources */,
				84D465B024AF963400062956 /* APISource.swift in Sources */,
				847A822924AEEB5900DB6754 /* UIViewController + Alert.swift in Sources */,
				84D465BB24B05C4800062956 /* FilmsPresenter.swift in Sources */,
				847A822624AEE8DC00DB6754 /* DetailsViewController.swift in Sources */,
				8408A3D024B09C1C00578291 /* DetailsPresenter.swift in Sources */,
			);
			runOnlyForDeploymentPostprocessing = 0;
		};
/* End PBXSourcesBuildPhase section */

/* Begin PBXVariantGroup section */
		84B6BE8024AE90B30022F200 /* Main.storyboard */ = {
			isa = PBXVariantGroup;
			children = (
				84B6BE8124AE90B30022F200 /* Base */,
			);
			name = Main.storyboard;
			sourceTree = "<group>";
		};
		84B6BE8524AE90B40022F200 /* LaunchScreen.storyboard */ = {
			isa = PBXVariantGroup;
			children = (
				84B6BE8624AE90B40022F200 /* Base */,
			);
			name = LaunchScreen.storyboard;
			sourceTree = "<group>";
		};
/* End PBXVariantGroup section */

/* Begin XCBuildConfiguration section */
		84B6BE8924AE90B40022F200 /* Debug */ = {
			isa = XCBuildConfiguration;
			buildSettings = {
				ALWAYS_SEARCH_USER_PATHS = NO;
				CLANG_ANALYZER_NONNULL = YES;
				CLANG_ANALYZER_NUMBER_OBJECT_CONVERSION = YES_AGGRESSIVE;
				CLANG_CXX_LANGUAGE_STANDARD = "gnu++14";
				CLANG_CXX_LIBRARY = "libc++";
				CLANG_ENABLE_MODULES = YES;
				CLANG_ENABLE_OBJC_ARC = YES;
				CLANG_ENABLE_OBJC_WEAK = YES;
				CLANG_WARN_BLOCK_CAPTURE_AUTORELEASING = YES;
				CLANG_WARN_BOOL_CONVERSION = YES;
				CLANG_WARN_COMMA = YES;
				CLANG_WARN_CONSTANT_CONVERSION = YES;
				CLANG_WARN_DEPRECATED_OBJC_IMPLEMENTATIONS = YES;
				CLANG_WARN_DIRECT_OBJC_ISA_USAGE = YES_ERROR;
				CLANG_WARN_DOCUMENTATION_COMMENTS = YES;
				CLANG_WARN_EMPTY_BODY = YES;
				CLANG_WARN_ENUM_CONVERSION = YES;
				CLANG_WARN_INFINITE_RECURSION = YES;
				CLANG_WARN_INT_CONVERSION = YES;
				CLANG_WARN_NON_LITERAL_NULL_CONVERSION = YES;
				CLANG_WARN_OBJC_IMPLICIT_RETAIN_SELF = YES;
				CLANG_WARN_OBJC_LITERAL_CONVERSION = YES;
				CLANG_WARN_OBJC_ROOT_CLASS = YES_ERROR;
				CLANG_WARN_RANGE_LOOP_ANALYSIS = YES;
				CLANG_WARN_STRICT_PROTOTYPES = YES;
				CLANG_WARN_SUSPICIOUS_MOVE = YES;
				CLANG_WARN_UNGUARDED_AVAILABILITY = YES_AGGRESSIVE;
				CLANG_WARN_UNREACHABLE_CODE = YES;
				CLANG_WARN__DUPLICATE_METHOD_MATCH = YES;
				COPY_PHASE_STRIP = NO;
				DEBUG_INFORMATION_FORMAT = dwarf;
				ENABLE_STRICT_OBJC_MSGSEND = YES;
				ENABLE_TESTABILITY = YES;
				GCC_C_LANGUAGE_STANDARD = gnu11;
				GCC_DYNAMIC_NO_PIC = NO;
				GCC_NO_COMMON_BLOCKS = YES;
				GCC_OPTIMIZATION_LEVEL = 0;
				GCC_PREPROCESSOR_DEFINITIONS = (
					"DEBUG=1",
					"$(inherited)",
				);
				GCC_WARN_64_TO_32_BIT_CONVERSION = YES;
				GCC_WARN_ABOUT_RETURN_TYPE = YES_ERROR;
				GCC_WARN_UNDECLARED_SELECTOR = YES;
				GCC_WARN_UNINITIALIZED_AUTOS = YES_AGGRESSIVE;
				GCC_WARN_UNUSED_FUNCTION = YES;
				GCC_WARN_UNUSED_VARIABLE = YES;
				IPHONEOS_DEPLOYMENT_TARGET = 13.5;
				MTL_ENABLE_DEBUG_INFO = INCLUDE_SOURCE;
				MTL_FAST_MATH = YES;
				ONLY_ACTIVE_ARCH = YES;
				SDKROOT = iphoneos;
				SWIFT_ACTIVE_COMPILATION_CONDITIONS = DEBUG;
				SWIFT_OPTIMIZATION_LEVEL = "-Onone";
			};
			name = Debug;
		};
		84B6BE8A24AE90B40022F200 /* Release */ = {
			isa = XCBuildConfiguration;
			buildSettings = {
				ALWAYS_SEARCH_USER_PATHS = NO;
				CLANG_ANALYZER_NONNULL = YES;
				CLANG_ANALYZER_NUMBER_OBJECT_CONVERSION = YES_AGGRESSIVE;
				CLANG_CXX_LANGUAGE_STANDARD = "gnu++14";
				CLANG_CXX_LIBRARY = "libc++";
				CLANG_ENABLE_MODULES = YES;
				CLANG_ENABLE_OBJC_ARC = YES;
				CLANG_ENABLE_OBJC_WEAK = YES;
				CLANG_WARN_BLOCK_CAPTURE_AUTORELEASING = YES;
				CLANG_WARN_BOOL_CONVERSION = YES;
				CLANG_WARN_COMMA = YES;
				CLANG_WARN_CONSTANT_CONVERSION = YES;
				CLANG_WARN_DEPRECATED_OBJC_IMPLEMENTATIONS = YES;
				CLANG_WARN_DIRECT_OBJC_ISA_USAGE = YES_ERROR;
				CLANG_WARN_DOCUMENTATION_COMMENTS = YES;
				CLANG_WARN_EMPTY_BODY = YES;
				CLANG_WARN_ENUM_CONVERSION = YES;
				CLANG_WARN_INFINITE_RECURSION = YES;
				CLANG_WARN_INT_CONVERSION = YES;
				CLANG_WARN_NON_LITERAL_NULL_CONVERSION = YES;
				CLANG_WARN_OBJC_IMPLICIT_RETAIN_SELF = YES;
				CLANG_WARN_OBJC_LITERAL_CONVERSION = YES;
				CLANG_WARN_OBJC_ROOT_CLASS = YES_ERROR;
				CLANG_WARN_RANGE_LOOP_ANALYSIS = YES;
				CLANG_WARN_STRICT_PROTOTYPES = YES;
				CLANG_WARN_SUSPICIOUS_MOVE = YES;
				CLANG_WARN_UNGUARDED_AVAILABILITY = YES_AGGRESSIVE;
				CLANG_WARN_UNREACHABLE_CODE = YES;
				CLANG_WARN__DUPLICATE_METHOD_MATCH = YES;
				COPY_PHASE_STRIP = NO;
				DEBUG_INFORMATION_FORMAT = "dwarf-with-dsym";
				ENABLE_NS_ASSERTIONS = NO;
				ENABLE_STRICT_OBJC_MSGSEND = YES;
				GCC_C_LANGUAGE_STANDARD = gnu11;
				GCC_NO_COMMON_BLOCKS = YES;
				GCC_WARN_64_TO_32_BIT_CONVERSION = YES;
				GCC_WARN_ABOUT_RETURN_TYPE = YES_ERROR;
				GCC_WARN_UNDECLARED_SELECTOR = YES;
				GCC_WARN_UNINITIALIZED_AUTOS = YES_AGGRESSIVE;
				GCC_WARN_UNUSED_FUNCTION = YES;
				GCC_WARN_UNUSED_VARIABLE = YES;
				IPHONEOS_DEPLOYMENT_TARGET = 13.5;
				MTL_ENABLE_DEBUG_INFO = NO;
				MTL_FAST_MATH = YES;
				SDKROOT = iphoneos;
				SWIFT_COMPILATION_MODE = wholemodule;
				SWIFT_OPTIMIZATION_LEVEL = "-O";
				VALIDATE_PRODUCT = YES;
			};
			name = Release;
		};
		84B6BE8C24AE90B40022F200 /* Debug */ = {
			isa = XCBuildConfiguration;
			baseConfigurationReference = 671CF2C93332998D0CD37D77 /* Pods-MovieApp.debug.xcconfig */;
			buildSettings = {
				ASSETCATALOG_COMPILER_APPICON_NAME = AppIcon;
				CODE_SIGN_STYLE = Automatic;
				DEVELOPMENT_TEAM = 6YJ62Z4KFL;
				INFOPLIST_FILE = MovieApp/Info.plist;
				LD_RUNPATH_SEARCH_PATHS = (
					"$(inherited)",
					"@executable_path/Frameworks",
				);
				PRODUCT_BUNDLE_IDENTIFIER = "Olha-Bereziuk.MovieApp";
				PRODUCT_NAME = "$(TARGET_NAME)";
				SWIFT_VERSION = 5.0;
				TARGETED_DEVICE_FAMILY = "1,2";
			};
			name = Debug;
		};
		84B6BE8D24AE90B40022F200 /* Release */ = {
			isa = XCBuildConfiguration;
			baseConfigurationReference = 9E4B3E43CA846D0015FBF0E2 /* Pods-MovieApp.release.xcconfig */;
			buildSettings = {
				ASSETCATALOG_COMPILER_APPICON_NAME = AppIcon;
				CODE_SIGN_STYLE = Automatic;
				DEVELOPMENT_TEAM = 6YJ62Z4KFL;
				INFOPLIST_FILE = MovieApp/Info.plist;
				LD_RUNPATH_SEARCH_PATHS = (
					"$(inherited)",
					"@executable_path/Frameworks",
				);
				PRODUCT_BUNDLE_IDENTIFIER = "Olha-Bereziuk.MovieApp";
				PRODUCT_NAME = "$(TARGET_NAME)";
				SWIFT_VERSION = 5.0;
				TARGETED_DEVICE_FAMILY = "1,2";
			};
			name = Release;
		};
/* End XCBuildConfiguration section */

/* Begin XCConfigurationList section */
		84B6BE7224AE90B30022F200 /* Build configuration list for PBXProject "MovieApp" */ = {
			isa = XCConfigurationList;
			buildConfigurations = (
				84B6BE8924AE90B40022F200 /* Debug */,
				84B6BE8A24AE90B40022F200 /* Release */,
			);
			defaultConfigurationIsVisible = 0;
			defaultConfigurationName = Release;
		};
		84B6BE8B24AE90B40022F200 /* Build configuration list for PBXNativeTarget "MovieApp" */ = {
			isa = XCConfigurationList;
			buildConfigurations = (
				84B6BE8C24AE90B40022F200 /* Debug */,
				84B6BE8D24AE90B40022F200 /* Release */,
			);
			defaultConfigurationIsVisible = 0;
			defaultConfigurationName = Release;
		};
/* End XCConfigurationList section */
	};
	rootObject = 84B6BE6F24AE90B30022F200 /* Project object */;
}
